
Microsoft Visual Studio Solution File, Format Version 12.00
# Visual Studio Version 17
VisualStudioVersion = 17.3.32929.385
MinimumVisualStudioVersion = 10.0.40219.1
Project("{FAE04EC0-301F-11D3-BF4B-00C04F79EFBC}") = "supermarketProject1", "supermarketProject1\supermarketProject1.csproj", "{A2F357BD-E7E1-4CB3-9884-2AD0C95D3F18}"
EndProject
Global
	GlobalSection(SolutionConfigurationPlatforms) = preSolution
		Debug|Any CPU = Debug|Any CPU
		Release|Any CPU = Release|Any CPU
	EndGlobalSection
	GlobalSection(ProjectConfigurationPlatforms) = postSolution
		{A2F357BD-E7E1-4CB3-9884-2AD0C95D3F18}.Debug|Any CPU.ActiveCfg = Debug|Any CPU
		{A2F357BD-E7E1-4CB3-9884-2AD0C95D3F18}.Debug|Any CPU.Build.0 = Debug|Any CPU
		{A2F357BD-E7E1-4CB3-9884-2AD0C95D3F18}.Release|Any CPU.ActiveCfg = Release|Any CPU
		{A2F357BD-E7E1-4CB3-9884-2AD0C95D3F18}.Release|Any CPU.Build.0 = Release|Any CPU
	EndGlobalSection
	GlobalSection(SolutionProperties) = preSolution
		HideSolutionNode = FALSE
	EndGlobalSection
	GlobalSection(ExtensibilityGlobals) = postSolution
		SolutionGuid = {A537A21A-ACB9-48BB-8384-FA30489D1B1C}
	EndGlobalSection
EndGlobal
